// !$*UTF8*$!
{
	archiveVersion = 1;
	classes = {
	};
	objectVersion = 46;
	objects = {

/* Begin PBXBuildFile section */
		4D01CD661A1E00F800666A95 /* Default-568h@2x.png in Resources */ = {isa = PBXBuildFile; fileRef = 4D01CD651A1E00F800666A95 /* Default-568h@2x.png */; };
		4D4BE4381A1F2BA90078503A /* Tracker.m in Sources */ = {isa = PBXBuildFile; fileRef = BCFB09D019DC36700041B87F /* Tracker.m */; };
		4D4BE4391A1F2BA90078503A /* ViewController.m in Sources */ = {isa = PBXBuildFile; fileRef = BCFB09B119DC35AB0041B87F /* ViewController.m */; };
		4D4BE43A1A1F2BA90078503A /* AppDelegate.m in Sources */ = {isa = PBXBuildFile; fileRef = BCFB09AE19DC35AB0041B87F /* AppDelegate.m */; };
		4D4BE43B1A1F2BA90078503A /* main.m in Sources */ = {isa = PBXBuildFile; fileRef = BCFB09AB19DC35AB0041B87F /* main.m */; };
		4D4BE43D1A1F2BA90078503A /* AVFoundation.framework in Frameworks */ = {isa = PBXBuildFile; fileRef = BCFB09D719DC41A30041B87F /* AVFoundation.framework */; };
		4D4BE43E1A1F2BA90078503A /* CoreLocation.framework in Frameworks */ = {isa = PBXBuildFile; fileRef = BCFB09D319DC36B30041B87F /* CoreLocation.framework */; };
		4D4BE4401A1F2BA90078503A /* 12.mp3 in Resources */ = {isa = PBXBuildFile; fileRef = BC897CEE19DDD0AA00AAB244 /* 12.mp3 */; };
		4D4BE4411A1F2BA90078503A /* 5.mp3 in Resources */ = {isa = PBXBuildFile; fileRef = BC897CE719DDD0AA00AAB244 /* 5.mp3 */; };
		4D4BE4421A1F2BA90078503A /* 2.mp3 in Resources */ = {isa = PBXBuildFile; fileRef = BC897CE419DDD0AA00AAB244 /* 2.mp3 */; };
		4D4BE4431A1F2BA90078503A /* 7.mp3 in Resources */ = {isa = PBXBuildFile; fileRef = BC897CE919DDD0AA00AAB244 /* 7.mp3 */; };
		4D4BE4441A1F2BA90078503A /* 1.mp3 in Resources */ = {isa = PBXBuildFile; fileRef = BC897CE319DDD0AA00AAB244 /* 1.mp3 */; };
		4D4BE4451A1F2BA90078503A /* Default-568h@2x.png in Resources */ = {isa = PBXBuildFile; fileRef = 4D01CD651A1E00F800666A95 /* Default-568h@2x.png */; };
		4D4BE4461A1F2BA90078503A /* 6.mp3 in Resources */ = {isa = PBXBuildFile; fileRef = BC897CE819DDD0AA00AAB244 /* 6.mp3 */; };
		4D4BE4471A1F2BA90078503A /* 18.mp3 in Resources */ = {isa = PBXBuildFile; fileRef = BC897CF419DDD0AA00AAB244 /* 18.mp3 */; };
		4D4BE4481A1F2BA90078503A /* 3.mp3 in Resources */ = {isa = PBXBuildFile; fileRef = BC897CE519DDD0AA00AAB244 /* 3.mp3 */; };
		4D4BE4491A1F2BA90078503A /* 100.mp3 in Resources */ = {isa = PBXBuildFile; fileRef = 4DA4344A19E2E67500EBBBCD /* 100.mp3 */; };
		4D4BE44A1A1F2BA90078503A /* 8.mp3 in Resources */ = {isa = PBXBuildFile; fileRef = BC897CEA19DDD0AA00AAB244 /* 8.mp3 */; };
		4D4BE44B1A1F2BA90078503A /* 10.mp3 in Resources */ = {isa = PBXBuildFile; fileRef = BC897CEC19DDD0AA00AAB244 /* 10.mp3 */; };
		4D4BE44C1A1F2BA90078503A /* 19.mp3 in Resources */ = {isa = PBXBuildFile; fileRef = BC897CF519DDD0AA00AAB244 /* 19.mp3 */; };
		4D4BE44D1A1F2BA90078503A /* 4.mp3 in Resources */ = {isa = PBXBuildFile; fileRef = BC897CE619DDD0AA00AAB244 /* 4.mp3 */; };
		4D4BE44E1A1F2BA90078503A /* 15.mp3 in Resources */ = {isa = PBXBuildFile; fileRef = BC897CF119DDD0AA00AAB244 /* 15.mp3 */; };
		4D4BE44F1A1F2BA90078503A /* 14.mp3 in Resources */ = {isa = PBXBuildFile; fileRef = BC897CF019DDD0AA00AAB244 /* 14.mp3 */; };
		4D4BE4501A1F2BA90078503A /* 13.mp3 in Resources */ = {isa = PBXBuildFile; fileRef = BC897CEF19DDD0AA00AAB244 /* 13.mp3 */; };
		4D4BE4511A1F2BA90078503A /* 9.mp3 in Resources */ = {isa = PBXBuildFile; fileRef = BC897CEB19DDD0AA00AAB244 /* 9.mp3 */; };
		4D4BE4521A1F2BA90078503A /* 11.mp3 in Resources */ = {isa = PBXBuildFile; fileRef = BC897CED19DDD0AA00AAB244 /* 11.mp3 */; };
		4D4BE4531A1F2BA90078503A /* 101.mp3 in Resources */ = {isa = PBXBuildFile; fileRef = 4DA4344C19E2E68100EBBBCD /* 101.mp3 */; };
		4D4BE4541A1F2BA90078503A /* 16.mp3 in Resources */ = {isa = PBXBuildFile; fileRef = BC897CF219DDD0AA00AAB244 /* 16.mp3 */; };
		4D4BE4551A1F2BA90078503A /* 20.mp3 in Resources */ = {isa = PBXBuildFile; fileRef = BC897CF619DDD0AA00AAB244 /* 20.mp3 */; };
		4D4BE4561A1F2BA90078503A /* 17.mp3 in Resources */ = {isa = PBXBuildFile; fileRef = BC897CF319DDD0AA00AAB244 /* 17.mp3 */; };
		4D4BE4571A1F2BA90078503A /* Main.storyboard in Resources */ = {isa = PBXBuildFile; fileRef = BCFB09B319DC35AB0041B87F /* Main.storyboard */; };
		4DA4344B19E2E67500EBBBCD /* 100.mp3 in Resources */ = {isa = PBXBuildFile; fileRef = 4DA4344A19E2E67500EBBBCD /* 100.mp3 */; };
		4DA4344D19E2E68100EBBBCD /* 101.mp3 in Resources */ = {isa = PBXBuildFile; fileRef = 4DA4344C19E2E68100EBBBCD /* 101.mp3 */; };
		BC897CF719DDD0AA00AAB244 /* 1.mp3 in Resources */ = {isa = PBXBuildFile; fileRef = BC897CE319DDD0AA00AAB244 /* 1.mp3 */; };
		BC897CF819DDD0AA00AAB244 /* 2.mp3 in Resources */ = {isa = PBXBuildFile; fileRef = BC897CE419DDD0AA00AAB244 /* 2.mp3 */; };
		BC897CF919DDD0AA00AAB244 /* 3.mp3 in Resources */ = {isa = PBXBuildFile; fileRef = BC897CE519DDD0AA00AAB244 /* 3.mp3 */; };
		BC897CFA19DDD0AA00AAB244 /* 4.mp3 in Resources */ = {isa = PBXBuildFile; fileRef = BC897CE619DDD0AA00AAB244 /* 4.mp3 */; };
		BC897CFB19DDD0AA00AAB244 /* 5.mp3 in Resources */ = {isa = PBXBuildFile; fileRef = BC897CE719DDD0AA00AAB244 /* 5.mp3 */; };
		BC897CFC19DDD0AA00AAB244 /* 6.mp3 in Resources */ = {isa = PBXBuildFile; fileRef = BC897CE819DDD0AA00AAB244 /* 6.mp3 */; };
		BC897CFD19DDD0AA00AAB244 /* 7.mp3 in Resources */ = {isa = PBXBuildFile; fileRef = BC897CE919DDD0AA00AAB244 /* 7.mp3 */; };
		BC897CFE19DDD0AA00AAB244 /* 8.mp3 in Resources */ = {isa = PBXBuildFile; fileRef = BC897CEA19DDD0AA00AAB244 /* 8.mp3 */; };
		BC897CFF19DDD0AA00AAB244 /* 9.mp3 in Resources */ = {isa = PBXBuildFile; fileRef = BC897CEB19DDD0AA00AAB244 /* 9.mp3 */; };
		BC897D0019DDD0AA00AAB244 /* 10.mp3 in Resources */ = {isa = PBXBuildFile; fileRef = BC897CEC19DDD0AA00AAB244 /* 10.mp3 */; };
		BC897D0119DDD0AA00AAB244 /* 11.mp3 in Resources */ = {isa = PBXBuildFile; fileRef = BC897CED19DDD0AA00AAB244 /* 11.mp3 */; };
		BC897D0219DDD0AA00AAB244 /* 12.mp3 in Resources */ = {isa = PBXBuildFile; fileRef = BC897CEE19DDD0AA00AAB244 /* 12.mp3 */; };
		BC897D0319DDD0AA00AAB244 /* 13.mp3 in Resources */ = {isa = PBXBuildFile; fileRef = BC897CEF19DDD0AA00AAB244 /* 13.mp3 */; };
		BC897D0419DDD0AA00AAB244 /* 14.mp3 in Resources */ = {isa = PBXBuildFile; fileRef = BC897CF019DDD0AA00AAB244 /* 14.mp3 */; };
		BC897D0519DDD0AA00AAB244 /* 15.mp3 in Resources */ = {isa = PBXBuildFile; fileRef = BC897CF119DDD0AA00AAB244 /* 15.mp3 */; };
		BC897D0619DDD0AA00AAB244 /* 16.mp3 in Resources */ = {isa = PBXBuildFile; fileRef = BC897CF219DDD0AA00AAB244 /* 16.mp3 */; };
		BC897D0719DDD0AA00AAB244 /* 17.mp3 in Resources */ = {isa = PBXBuildFile; fileRef = BC897CF319DDD0AA00AAB244 /* 17.mp3 */; };
		BC897D0819DDD0AA00AAB244 /* 18.mp3 in Resources */ = {isa = PBXBuildFile; fileRef = BC897CF419DDD0AA00AAB244 /* 18.mp3 */; };
		BC897D0919DDD0AA00AAB244 /* 19.mp3 in Resources */ = {isa = PBXBuildFile; fileRef = BC897CF519DDD0AA00AAB244 /* 19.mp3 */; };
		BC897D0A19DDD0AA00AAB244 /* 20.mp3 in Resources */ = {isa = PBXBuildFile; fileRef = BC897CF619DDD0AA00AAB244 /* 20.mp3 */; };
		BCFB09AC19DC35AB0041B87F /* main.m in Sources */ = {isa = PBXBuildFile; fileRef = BCFB09AB19DC35AB0041B87F /* main.m */; };
		BCFB09AF19DC35AB0041B87F /* AppDelegate.m in Sources */ = {isa = PBXBuildFile; fileRef = BCFB09AE19DC35AB0041B87F /* AppDelegate.m */; };
		BCFB09B219DC35AB0041B87F /* ViewController.m in Sources */ = {isa = PBXBuildFile; fileRef = BCFB09B119DC35AB0041B87F /* ViewController.m */; };
		BCFB09B519DC35AB0041B87F /* Main.storyboard in Resources */ = {isa = PBXBuildFile; fileRef = BCFB09B319DC35AB0041B87F /* Main.storyboard */; };
		BCFB09D119DC36700041B87F /* Tracker.m in Sources */ = {isa = PBXBuildFile; fileRef = BCFB09D019DC36700041B87F /* Tracker.m */; };
		BCFB09D419DC36B30041B87F /* CoreLocation.framework in Frameworks */ = {isa = PBXBuildFile; fileRef = BCFB09D319DC36B30041B87F /* CoreLocation.framework */; };
		BCFB09D919DC41AE0041B87F /* AVFoundation.framework in Frameworks */ = {isa = PBXBuildFile; fileRef = BCFB09D719DC41A30041B87F /* AVFoundation.framework */; };
/* End PBXBuildFile section */

/* Begin PBXContainerItemProxy section */
		BCFB09C019DC35AB0041B87F /* PBXContainerItemProxy */ = {
			isa = PBXContainerItemProxy;
			containerPortal = BCFB099E19DC35AB0041B87F /* Project object */;
			proxyType = 1;
			remoteGlobalIDString = BCFB09A519DC35AB0041B87F;
			remoteInfo = "distance-tracker";
		};
/* End PBXContainerItemProxy section */

/* Begin PBXFileReference section */
		4D01CD651A1E00F800666A95 /* Default-568h@2x.png */ = {isa = PBXFileReference; lastKnownFileType = image.png; path = "Default-568h@2x.png"; sourceTree = "<group>"; };
		4D4BE45B1A1F2BA90078503A /* Distance tracker B.app */ = {isa = PBXFileReference; explicitFileType = wrapper.application; includeInIndex = 0; path = "Distance tracker B.app"; sourceTree = BUILT_PRODUCTS_DIR; };
		4D4BE45C1A1F2BA90078503A /* Distance tracker B-Info.plist */ = {isa = PBXFileReference; lastKnownFileType = text.plist.xml; name = "Distance tracker B-Info.plist"; path = "/Users/jara/Desktop/distance-tracker 2/Distance tracker B-Info.plist"; sourceTree = "<absolute>"; };
		4DA4344A19E2E67500EBBBCD /* 100.mp3 */ = {isa = PBXFileReference; lastKnownFileType = audio.mp3; path = 100.mp3; sourceTree = "<group>"; };
		4DA4344C19E2E68100EBBBCD /* 101.mp3 */ = {isa = PBXFileReference; lastKnownFileType = audio.mp3; path = 101.mp3; sourceTree = "<group>"; };
		BC897CE319DDD0AA00AAB244 /* 1.mp3 */ = {isa = PBXFileReference; lastKnownFileType = audio.mp3; path = 1.mp3; sourceTree = "<group>"; };
		BC897CE419DDD0AA00AAB244 /* 2.mp3 */ = {isa = PBXFileReference; lastKnownFileType = audio.mp3; path = 2.mp3; sourceTree = "<group>"; };
		BC897CE519DDD0AA00AAB244 /* 3.mp3 */ = {isa = PBXFileReference; lastKnownFileType = audio.mp3; path = 3.mp3; sourceTree = "<group>"; };
		BC897CE619DDD0AA00AAB244 /* 4.mp3 */ = {isa = PBXFileReference; lastKnownFileType = audio.mp3; path = 4.mp3; sourceTree = "<group>"; };
		BC897CE719DDD0AA00AAB244 /* 5.mp3 */ = {isa = PBXFileReference; lastKnownFileType = audio.mp3; path = 5.mp3; sourceTree = "<group>"; };
		BC897CE819DDD0AA00AAB244 /* 6.mp3 */ = {isa = PBXFileReference; lastKnownFileType = audio.mp3; path = 6.mp3; sourceTree = "<group>"; };
		BC897CE919DDD0AA00AAB244 /* 7.mp3 */ = {isa = PBXFileReference; lastKnownFileType = audio.mp3; path = 7.mp3; sourceTree = "<group>"; };
		BC897CEA19DDD0AA00AAB244 /* 8.mp3 */ = {isa = PBXFileReference; lastKnownFileType = audio.mp3; path = 8.mp3; sourceTree = "<group>"; };
		BC897CEB19DDD0AA00AAB244 /* 9.mp3 */ = {isa = PBXFileReference; lastKnownFileType = audio.mp3; path = 9.mp3; sourceTree = "<group>"; };
		BC897CEC19DDD0AA00AAB244 /* 10.mp3 */ = {isa = PBXFileReference; lastKnownFileType = audio.mp3; path = 10.mp3; sourceTree = "<group>"; };
		BC897CED19DDD0AA00AAB244 /* 11.mp3 */ = {isa = PBXFileReference; lastKnownFileType = audio.mp3; path = 11.mp3; sourceTree = "<group>"; };
		BC897CEE19DDD0AA00AAB244 /* 12.mp3 */ = {isa = PBXFileReference; lastKnownFileType = audio.mp3; path = 12.mp3; sourceTree = "<group>"; };
		BC897CEF19DDD0AA00AAB244 /* 13.mp3 */ = {isa = PBXFileReference; lastKnownFileType = audio.mp3; path = 13.mp3; sourceTree = "<group>"; };
		BC897CF019DDD0AA00AAB244 /* 14.mp3 */ = {isa = PBXFileReference; lastKnownFileType = audio.mp3; path = 14.mp3; sourceTree = "<group>"; };
		BC897CF119DDD0AA00AAB244 /* 15.mp3 */ = {isa = PBXFileReference; lastKnownFileType = audio.mp3; path = 15.mp3; sourceTree = "<group>"; };
		BC897CF219DDD0AA00AAB244 /* 16.mp3 */ = {isa = PBXFileReference; lastKnownFileType = audio.mp3; path = 16.mp3; sourceTree = "<group>"; };
		BC897CF319DDD0AA00AAB244 /* 17.mp3 */ = {isa = PBXFileReference; lastKnownFileType = audio.mp3; path = 17.mp3; sourceTree = "<group>"; };
		BC897CF419DDD0AA00AAB244 /* 18.mp3 */ = {isa = PBXFileReference; lastKnownFileType = audio.mp3; path = 18.mp3; sourceTree = "<group>"; };
		BC897CF519DDD0AA00AAB244 /* 19.mp3 */ = {isa = PBXFileReference; lastKnownFileType = audio.mp3; path = 19.mp3; sourceTree = "<group>"; };
		BC897CF619DDD0AA00AAB244 /* 20.mp3 */ = {isa = PBXFileReference; lastKnownFileType = audio.mp3; path = 20.mp3; sourceTree = "<group>"; };
		BCFB09A619DC35AB0041B87F /* Distance tracker A.app */ = {isa = PBXFileReference; explicitFileType = wrapper.application; includeInIndex = 0; path = "Distance tracker A.app"; sourceTree = BUILT_PRODUCTS_DIR; };
		BCFB09AA19DC35AB0041B87F /* Info.plist */ = {isa = PBXFileReference; lastKnownFileType = text.plist.xml; path = Info.plist; sourceTree = "<group>"; };
		BCFB09AB19DC35AB0041B87F /* main.m */ = {isa = PBXFileReference; lastKnownFileType = sourcecode.c.objc; path = main.m; sourceTree = "<group>"; };
		BCFB09AD19DC35AB0041B87F /* AppDelegate.h */ = {isa = PBXFileReference; lastKnownFileType = sourcecode.c.h; path = AppDelegate.h; sourceTree = "<group>"; };
		BCFB09AE19DC35AB0041B87F /* AppDelegate.m */ = {isa = PBXFileReference; lastKnownFileType = sourcecode.c.objc; path = AppDelegate.m; sourceTree = "<group>"; };
		BCFB09B019DC35AB0041B87F /* ViewController.h */ = {isa = PBXFileReference; lastKnownFileType = sourcecode.c.h; path = ViewController.h; sourceTree = "<group>"; };
		BCFB09B119DC35AB0041B87F /* ViewController.m */ = {isa = PBXFileReference; lastKnownFileType = sourcecode.c.objc; path = ViewController.m; sourceTree = "<group>"; };
		BCFB09B419DC35AB0041B87F /* Base */ = {isa = PBXFileReference; lastKnownFileType = file.storyboard; name = Base; path = Base.lproj/Main.storyboard; sourceTree = "<group>"; };
		BCFB09BF19DC35AB0041B87F /* distance-trackerTests.xctest */ = {isa = PBXFileReference; explicitFileType = wrapper.cfbundle; includeInIndex = 0; path = "distance-trackerTests.xctest"; sourceTree = BUILT_PRODUCTS_DIR; };
		BCFB09CF19DC36700041B87F /* Tracker.h */ = {isa = PBXFileReference; fileEncoding = 4; lastKnownFileType = sourcecode.c.h; path = Tracker.h; sourceTree = "<group>"; };
		BCFB09D019DC36700041B87F /* Tracker.m */ = {isa = PBXFileReference; fileEncoding = 4; lastKnownFileType = sourcecode.c.objc; path = Tracker.m; sourceTree = "<group>"; };
		BCFB09D319DC36B30041B87F /* CoreLocation.framework */ = {isa = PBXFileReference; lastKnownFileType = wrapper.framework; name = CoreLocation.framework; path = System/Library/Frameworks/CoreLocation.framework; sourceTree = SDKROOT; };
		BCFB09D719DC41A30041B87F /* AVFoundation.framework */ = {isa = PBXFileReference; lastKnownFileType = wrapper.framework; name = AVFoundation.framework; path = System/Library/Frameworks/AVFoundation.framework; sourceTree = SDKROOT; };
/* End PBXFileReference section */

/* Begin PBXFrameworksBuildPhase section */
		4D4BE43C1A1F2BA90078503A /* Frameworks */ = {
			isa = PBXFrameworksBuildPhase;
			buildActionMask = 2147483647;
			files = (
				4D4BE43D1A1F2BA90078503A /* AVFoundation.framework in Frameworks */,
				4D4BE43E1A1F2BA90078503A /* CoreLocation.framework in Frameworks */,
			);
			runOnlyForDeploymentPostprocessing = 0;
		};
		BCFB09A319DC35AB0041B87F /* Frameworks */ = {
			isa = PBXFrameworksBuildPhase;
			buildActionMask = 2147483647;
			files = (
				BCFB09D919DC41AE0041B87F /* AVFoundation.framework in Frameworks */,
				BCFB09D419DC36B30041B87F /* CoreLocation.framework in Frameworks */,
			);
			runOnlyForDeploymentPostprocessing = 0;
		};
		BCFB09BC19DC35AB0041B87F /* Frameworks */ = {
			isa = PBXFrameworksBuildPhase;
			buildActionMask = 2147483647;
			files = (
			);
			runOnlyForDeploymentPostprocessing = 0;
		};
/* End PBXFrameworksBuildPhase section */

/* Begin PBXGroup section */
		BC897CE219DDD09900AAB244 /* Sounds */ = {
			isa = PBXGroup;
			children = (
				BC897CE319DDD0AA00AAB244 /* 1.mp3 */,
				BC897CE419DDD0AA00AAB244 /* 2.mp3 */,
				BC897CE519DDD0AA00AAB244 /* 3.mp3 */,
				BC897CE619DDD0AA00AAB244 /* 4.mp3 */,
				BC897CE719DDD0AA00AAB244 /* 5.mp3 */,
				BC897CE819DDD0AA00AAB244 /* 6.mp3 */,
				BC897CE919DDD0AA00AAB244 /* 7.mp3 */,
				BC897CEA19DDD0AA00AAB244 /* 8.mp3 */,
				BC897CEB19DDD0AA00AAB244 /* 9.mp3 */,
				BC897CEC19DDD0AA00AAB244 /* 10.mp3 */,
				BC897CED19DDD0AA00AAB244 /* 11.mp3 */,
				BC897CEE19DDD0AA00AAB244 /* 12.mp3 */,
				BC897CEF19DDD0AA00AAB244 /* 13.mp3 */,
				BC897CF019DDD0AA00AAB244 /* 14.mp3 */,
				BC897CF119DDD0AA00AAB244 /* 15.mp3 */,
				BC897CF219DDD0AA00AAB244 /* 16.mp3 */,
				BC897CF319DDD0AA00AAB244 /* 17.mp3 */,
				BC897CF419DDD0AA00AAB244 /* 18.mp3 */,
				BC897CF519DDD0AA00AAB244 /* 19.mp3 */,
				BC897CF619DDD0AA00AAB244 /* 20.mp3 */,
				4DA4344A19E2E67500EBBBCD /* 100.mp3 */,
				4DA4344C19E2E68100EBBBCD /* 101.mp3 */,
			);
			name = Sounds;
			sourceTree = "<group>";
		};
		BCFB099D19DC35AB0041B87F = {
			isa = PBXGroup;
			children = (
				4D01CD651A1E00F800666A95 /* Default-568h@2x.png */,
				BCFB09A819DC35AB0041B87F /* distance-tracker */,
				BCFB09A719DC35AB0041B87F /* Products */,
				4D4BE45C1A1F2BA90078503A /* Distance tracker B-Info.plist */,
			);
			sourceTree = "<group>";
		};
		BCFB09A719DC35AB0041B87F /* Products */ = {
			isa = PBXGroup;
			children = (
				BCFB09A619DC35AB0041B87F /* Distance tracker A.app */,
				BCFB09BF19DC35AB0041B87F /* distance-trackerTests.xctest */,
				4D4BE45B1A1F2BA90078503A /* Distance tracker B.app */,
			);
			name = Products;
			sourceTree = "<group>";
		};
		BCFB09A819DC35AB0041B87F /* distance-tracker */ = {
			isa = PBXGroup;
			children = (
				BC897CE219DDD09900AAB244 /* Sounds */,
				BCFB09D219DC36730041B87F /* Tracker */,
				BCFB09AD19DC35AB0041B87F /* AppDelegate.h */,
				BCFB09AE19DC35AB0041B87F /* AppDelegate.m */,
				BCFB09B019DC35AB0041B87F /* ViewController.h */,
				BCFB09B119DC35AB0041B87F /* ViewController.m */,
				BCFB09B319DC35AB0041B87F /* Main.storyboard */,
				BCFB09A919DC35AB0041B87F /* Supporting Files */,
			);
			path = "distance-tracker";
			sourceTree = "<group>";
		};
		BCFB09A919DC35AB0041B87F /* Supporting Files */ = {
			isa = PBXGroup;
			children = (
				BCFB09D719DC41A30041B87F /* AVFoundation.framework */,
				BCFB09D319DC36B30041B87F /* CoreLocation.framework */,
				BCFB09AA19DC35AB0041B87F /* Info.plist */,
				BCFB09AB19DC35AB0041B87F /* main.m */,
			);
			name = "Supporting Files";
			sourceTree = "<group>";
		};
		BCFB09D219DC36730041B87F /* Tracker */ = {
			isa = PBXGroup;
			children = (
				BCFB09CF19DC36700041B87F /* Tracker.h */,
				BCFB09D019DC36700041B87F /* Tracker.m */,
			);
			name = Tracker;
			sourceTree = "<group>";
		};
/* End PBXGroup section */

/* Begin PBXNativeTarget section */
		4D4BE4361A1F2BA90078503A /* Distance tracker B */ = {
			isa = PBXNativeTarget;
			buildConfigurationList = 4D4BE4581A1F2BA90078503A /* Build configuration list for PBXNativeTarget "Distance tracker B" */;
			buildPhases = (
				4D4BE4371A1F2BA90078503A /* Sources */,
				4D4BE43C1A1F2BA90078503A /* Frameworks */,
				4D4BE43F1A1F2BA90078503A /* Resources */,
			);
			buildRules = (
			);
			dependencies = (
			);
			name = "Distance tracker B";
			productName = "distance-tracker";
			productReference = 4D4BE45B1A1F2BA90078503A /* Distance tracker B.app */;
			productType = "com.apple.product-type.application";
		};
		BCFB09A519DC35AB0041B87F /* Distance tracker A */ = {
			isa = PBXNativeTarget;
			buildConfigurationList = BCFB09C919DC35AB0041B87F /* Build configuration list for PBXNativeTarget "Distance tracker A" */;
			buildPhases = (
				BCFB09A219DC35AB0041B87F /* Sources */,
				BCFB09A319DC35AB0041B87F /* Frameworks */,
				BCFB09A419DC35AB0041B87F /* Resources */,
			);
			buildRules = (
			);
			dependencies = (
			);
			name = "Distance tracker A";
			productName = "distance-tracker";
			productReference = BCFB09A619DC35AB0041B87F /* Distance tracker A.app */;
			productType = "com.apple.product-type.application";
		};
		BCFB09BE19DC35AB0041B87F /* distance-trackerTests */ = {
			isa = PBXNativeTarget;
			buildConfigurationList = BCFB09CC19DC35AB0041B87F /* Build configuration list for PBXNativeTarget "distance-trackerTests" */;
			buildPhases = (
				BCFB09BB19DC35AB0041B87F /* Sources */,
				BCFB09BC19DC35AB0041B87F /* Frameworks */,
				BCFB09BD19DC35AB0041B87F /* Resources */,
			);
			buildRules = (
			);
			dependencies = (
				BCFB09C119DC35AB0041B87F /* PBXTargetDependency */,
			);
			name = "distance-trackerTests";
			productName = "distance-trackerTests";
			productReference = BCFB09BF19DC35AB0041B87F /* distance-trackerTests.xctest */;
			productType = "com.apple.product-type.bundle.unit-test";
		};
/* End PBXNativeTarget section */

/* Begin PBXProject section */
		BCFB099E19DC35AB0041B87F /* Project object */ = {
			isa = PBXProject;
			attributes = {
				LastUpgradeCheck = 0600;
				ORGANIZATIONNAME = "Adam Zikmund";
				TargetAttributes = {
					4D4BE4361A1F2BA90078503A = {
						DevelopmentTeam = 23MR53TY67;
					};
					BCFB09A519DC35AB0041B87F = {
						CreatedOnToolsVersion = 6.0.1;
						DevelopmentTeam = 23MR53TY67;
					};
					BCFB09BE19DC35AB0041B87F = {
						CreatedOnToolsVersion = 6.0.1;
						DevelopmentTeam = 9G72893622;
						TestTargetID = BCFB09A519DC35AB0041B87F;
					};
				};
			};
			buildConfigurationList = BCFB09A119DC35AB0041B87F /* Build configuration list for PBXProject "distance-tracker" */;
			compatibilityVersion = "Xcode 3.2";
			developmentRegion = English;
			hasScannedForEncodings = 0;
			knownRegions = (
				en,
				Base,
			);
			mainGroup = BCFB099D19DC35AB0041B87F;
			productRefGroup = BCFB09A719DC35AB0041B87F /* Products */;
			projectDirPath = "";
			projectRoot = "";
			targets = (
				BCFB09A519DC35AB0041B87F /* Distance tracker A */,
				BCFB09BE19DC35AB0041B87F /* distance-trackerTests */,
				4D4BE4361A1F2BA90078503A /* Distance tracker B */,
			);
		};
/* End PBXProject section */

/* Begin PBXResourcesBuildPhase section */
		4D4BE43F1A1F2BA90078503A /* Resources */ = {
			isa = PBXResourcesBuildPhase;
			buildActionMask = 2147483647;
			files = (
				4D4BE4401A1F2BA90078503A /* 12.mp3 in Resources */,
				4D4BE4411A1F2BA90078503A /* 5.mp3 in Resources */,
				4D4BE4421A1F2BA90078503A /* 2.mp3 in Resources */,
				4D4BE4431A1F2BA90078503A /* 7.mp3 in Resources */,
				4D4BE4441A1F2BA90078503A /* 1.mp3 in Resources */,
				4D4BE4451A1F2BA90078503A /* Default-568h@2x.png in Resources */,
				4D4BE4461A1F2BA90078503A /* 6.mp3 in Resources */,
				4D4BE4471A1F2BA90078503A /* 18.mp3 in Resources */,
				4D4BE4481A1F2BA90078503A /* 3.mp3 in Resources */,
				4D4BE4491A1F2BA90078503A /* 100.mp3 in Resources */,
				4D4BE44A1A1F2BA90078503A /* 8.mp3 in Resources */,
				4D4BE44B1A1F2BA90078503A /* 10.mp3 in Resources */,
				4D4BE44C1A1F2BA90078503A /* 19.mp3 in Resources */,
				4D4BE44D1A1F2BA90078503A /* 4.mp3 in Resources */,
				4D4BE44E1A1F2BA90078503A /* 15.mp3 in Resources */,
				4D4BE44F1A1F2BA90078503A /* 14.mp3 in Resources */,
				4D4BE4501A1F2BA90078503A /* 13.mp3 in Resources */,
				4D4BE4511A1F2BA90078503A /* 9.mp3 in Resources */,
				4D4BE4521A1F2BA90078503A /* 11.mp3 in Resources */,
				4D4BE4531A1F2BA90078503A /* 101.mp3 in Resources */,
				4D4BE4541A1F2BA90078503A /* 16.mp3 in Resources */,
				4D4BE4551A1F2BA90078503A /* 20.mp3 in Resources */,
				4D4BE4561A1F2BA90078503A /* 17.mp3 in Resources */,
				4D4BE4571A1F2BA90078503A /* Main.storyboard in Resources */,
			);
			runOnlyForDeploymentPostprocessing = 0;
		};
		BCFB09A419DC35AB0041B87F /* Resources */ = {
			isa = PBXResourcesBuildPhase;
			buildActionMask = 2147483647;
			files = (
				BC897D0219DDD0AA00AAB244 /* 12.mp3 in Resources */,
				BC897CFB19DDD0AA00AAB244 /* 5.mp3 in Resources */,
				BC897CF819DDD0AA00AAB244 /* 2.mp3 in Resources */,
				BC897CFD19DDD0AA00AAB244 /* 7.mp3 in Resources */,
				BC897CF719DDD0AA00AAB244 /* 1.mp3 in Resources */,
				4D01CD661A1E00F800666A95 /* Default-568h@2x.png in Resources */,
				BC897CFC19DDD0AA00AAB244 /* 6.mp3 in Resources */,
				BC897D0819DDD0AA00AAB244 /* 18.mp3 in Resources */,
				BC897CF919DDD0AA00AAB244 /* 3.mp3 in Resources */,
				4DA4344B19E2E67500EBBBCD /* 100.mp3 in Resources */,
				BC897CFE19DDD0AA00AAB244 /* 8.mp3 in Resources */,
				BC897D0019DDD0AA00AAB244 /* 10.mp3 in Resources */,
				BC897D0919DDD0AA00AAB244 /* 19.mp3 in Resources */,
				BC897CFA19DDD0AA00AAB244 /* 4.mp3 in Resources */,
				BC897D0519DDD0AA00AAB244 /* 15.mp3 in Resources */,
				BC897D0419DDD0AA00AAB244 /* 14.mp3 in Resources */,
				BC897D0319DDD0AA00AAB244 /* 13.mp3 in Resources */,
				BC897CFF19DDD0AA00AAB244 /* 9.mp3 in Resources */,
				BC897D0119DDD0AA00AAB244 /* 11.mp3 in Resources */,
				4DA4344D19E2E68100EBBBCD /* 101.mp3 in Resources */,
				BC897D0619DDD0AA00AAB244 /* 16.mp3 in Resources */,
				BC897D0A19DDD0AA00AAB244 /* 20.mp3 in Resources */,
				BC897D0719DDD0AA00AAB244 /* 17.mp3 in Resources */,
				BCFB09B519DC35AB0041B87F /* Main.storyboard in Resources */,
			);
			runOnlyForDeploymentPostprocessing = 0;
		};
		BCFB09BD19DC35AB0041B87F /* Resources */ = {
			isa = PBXResourcesBuildPhase;
			buildActionMask = 2147483647;
			files = (
			);
			runOnlyForDeploymentPostprocessing = 0;
		};
/* End PBXResourcesBuildPhase section */

/* Begin PBXSourcesBuildPhase section */
		4D4BE4371A1F2BA90078503A /* Sources */ = {
			isa = PBXSourcesBuildPhase;
			buildActionMask = 2147483647;
			files = (
				4D4BE4381A1F2BA90078503A /* Tracker.m in Sources */,
				4D4BE4391A1F2BA90078503A /* ViewController.m in Sources */,
				4D4BE43A1A1F2BA90078503A /* AppDelegate.m in Sources */,
				4D4BE43B1A1F2BA90078503A /* main.m in Sources */,
			);
			runOnlyForDeploymentPostprocessing = 0;
		};
		BCFB09A219DC35AB0041B87F /* Sources */ = {
			isa = PBXSourcesBuildPhase;
			buildActionMask = 2147483647;
			files = (
				BCFB09D119DC36700041B87F /* Tracker.m in Sources */,
				BCFB09B219DC35AB0041B87F /* ViewController.m in Sources */,
				BCFB09AF19DC35AB0041B87F /* AppDelegate.m in Sources */,
				BCFB09AC19DC35AB0041B87F /* main.m in Sources */,
			);
			runOnlyForDeploymentPostprocessing = 0;
		};
		BCFB09BB19DC35AB0041B87F /* Sources */ = {
			isa = PBXSourcesBuildPhase;
			buildActionMask = 2147483647;
			files = (
			);
			runOnlyForDeploymentPostprocessing = 0;
		};
/* End PBXSourcesBuildPhase section */

/* Begin PBXTargetDependency section */
		BCFB09C119DC35AB0041B87F /* PBXTargetDependency */ = {
			isa = PBXTargetDependency;
			target = BCFB09A519DC35AB0041B87F /* Distance tracker A */;
			targetProxy = BCFB09C019DC35AB0041B87F /* PBXContainerItemProxy */;
		};
/* End PBXTargetDependency section */

/* Begin PBXVariantGroup section */
		BCFB09B319DC35AB0041B87F /* Main.storyboard */ = {
			isa = PBXVariantGroup;
			children = (
				BCFB09B419DC35AB0041B87F /* Base */,
			);
			name = Main.storyboard;
			sourceTree = "<group>";
		};
/* End PBXVariantGroup section */

/* Begin XCBuildConfiguration section */
		4D4BE4591A1F2BA90078503A /* Debug */ = {
			isa = XCBuildConfiguration;
			buildSettings = {
				CODE_SIGN_IDENTITY = "iPhone Developer";
				INFOPLIST_FILE = "Distance tracker B-Info.plist";
				IPHONEOS_DEPLOYMENT_TARGET = 6.0;
				LD_RUNPATH_SEARCH_PATHS = "$(inherited) @executable_path/Frameworks";
				PRODUCT_NAME = "Distance tracker B";
				TARGETED_DEVICE_FAMILY = 1;
			};
			name = Debug;
		};
		4D4BE45A1A1F2BA90078503A /* Release */ = {
			isa = XCBuildConfiguration;
			buildSettings = {
				CODE_SIGN_IDENTITY = "iPhone Developer";
				INFOPLIST_FILE = "Distance tracker B-Info.plist";
				IPHONEOS_DEPLOYMENT_TARGET = 6.0;
				LD_RUNPATH_SEARCH_PATHS = "$(inherited) @executable_path/Frameworks";
				PRODUCT_NAME = "Distance tracker B";
				TARGETED_DEVICE_FAMILY = 1;
			};
			name = Release;
		};
		BCFB09C719DC35AB0041B87F /* Debug */ = {
			isa = XCBuildConfiguration;
			buildSettings = {
				ALWAYS_SEARCH_USER_PATHS = NO;
				CLANG_CXX_LANGUAGE_STANDARD = "gnu++0x";
				CLANG_CXX_LIBRARY = "libc++";
				CLANG_ENABLE_MODULES = YES;
				CLANG_ENABLE_OBJC_ARC = YES;
				CLANG_WARN_BOOL_CONVERSION = YES;
				CLANG_WARN_CONSTANT_CONVERSION = YES;
				CLANG_WARN_DIRECT_OBJC_ISA_USAGE = YES_ERROR;
				CLANG_WARN_EMPTY_BODY = YES;
				CLANG_WARN_ENUM_CONVERSION = YES;
				CLANG_WARN_INT_CONVERSION = YES;
				CLANG_WARN_OBJC_ROOT_CLASS = YES_ERROR;
				CLANG_WARN_UNREACHABLE_CODE = YES;
				CLANG_WARN__DUPLICATE_METHOD_MATCH = YES;
				"CODE_SIGN_IDENTITY[sdk=iphoneos*]" = "iPhone Developer";
				COPY_PHASE_STRIP = NO;
				ENABLE_STRICT_OBJC_MSGSEND = YES;
				GCC_C_LANGUAGE_STANDARD = gnu99;
				GCC_DYNAMIC_NO_PIC = NO;
				GCC_OPTIMIZATION_LEVEL = 0;
				GCC_PREPROCESSOR_DEFINITIONS = (
					"DEBUG=1",
					"$(inherited)",
				);
				GCC_SYMBOLS_PRIVATE_EXTERN = NO;
				GCC_WARN_64_TO_32_BIT_CONVERSION = YES;
				GCC_WARN_ABOUT_RETURN_TYPE = YES_ERROR;
				GCC_WARN_UNDECLARED_SELECTOR = YES;
				GCC_WARN_UNINITIALIZED_AUTOS = YES_AGGRESSIVE;
				GCC_WARN_UNUSED_FUNCTION = YES;
				GCC_WARN_UNUSED_VARIABLE = YES;
				IPHONEOS_DEPLOYMENT_TARGET = 6.0;
				MTL_ENABLE_DEBUG_INFO = YES;
				ONLY_ACTIVE_ARCH = YES;
				SDKROOT = iphoneos;
			};
			name = Debug;
		};
		BCFB09C819DC35AB0041B87F /* Release */ = {
			isa = XCBuildConfiguration;
			buildSettings = {
				ALWAYS_SEARCH_USER_PATHS = NO;
				CLANG_CXX_LANGUAGE_STANDARD = "gnu++0x";
				CLANG_CXX_LIBRARY = "libc++";
				CLANG_ENABLE_MODULES = YES;
				CLANG_ENABLE_OBJC_ARC = YES;
				CLANG_WARN_BOOL_CONVERSION = YES;
				CLANG_WARN_CONSTANT_CONVERSION = YES;
				CLANG_WARN_DIRECT_OBJC_ISA_USAGE = YES_ERROR;
				CLANG_WARN_EMPTY_BODY = YES;
				CLANG_WARN_ENUM_CONVERSION = YES;
				CLANG_WARN_INT_CONVERSION = YES;
				CLANG_WARN_OBJC_ROOT_CLASS = YES_ERROR;
				CLANG_WARN_UNREACHABLE_CODE = YES;
				CLANG_WARN__DUPLICATE_METHOD_MATCH = YES;
				"CODE_SIGN_IDENTITY[sdk=iphoneos*]" = "iPhone Developer";
				COPY_PHASE_STRIP = YES;
				ENABLE_NS_ASSERTIONS = NO;
				ENABLE_STRICT_OBJC_MSGSEND = YES;
				GCC_C_LANGUAGE_STANDARD = gnu99;
				GCC_WARN_64_TO_32_BIT_CONVERSION = YES;
				GCC_WARN_ABOUT_RETURN_TYPE = YES_ERROR;
				GCC_WARN_UNDECLARED_SELECTOR = YES;
				GCC_WARN_UNINITIALIZED_AUTOS = YES_AGGRESSIVE;
				GCC_WARN_UNUSED_FUNCTION = YES;
				GCC_WARN_UNUSED_VARIABLE = YES;
				IPHONEOS_DEPLOYMENT_TARGET = 6.0;
				MTL_ENABLE_DEBUG_INFO = NO;
				SDKROOT = iphoneos;
				VALIDATE_PRODUCT = YES;
			};
			name = Release;
		};
		BCFB09CA19DC35AB0041B87F /* Debug */ = {
			isa = XCBuildConfiguration;
			buildSettings = {
				CODE_SIGN_IDENTITY = "iPhone Developer";
				INFOPLIST_FILE = "distance-tracker/Info.plist";
				IPHONEOS_DEPLOYMENT_TARGET = 6.0;
				LD_RUNPATH_SEARCH_PATHS = "$(inherited) @executable_path/Frameworks";
				PRODUCT_NAME = "$(TARGET_NAME)";
				TARGETED_DEVICE_FAMILY = 1;
			};
			name = Debug;
		};
		BCFB09CB19DC35AB0041B87F /* Release */ = {
			isa = XCBuildConfiguration;
			buildSettings = {
				CODE_SIGN_IDENTITY = "iPhone Developer";
				INFOPLIST_FILE = "distance-tracker/Info.plist";
				IPHONEOS_DEPLOYMENT_TARGET = 6.0;
				LD_RUNPATH_SEARCH_PATHS = "$(inherited) @executable_path/Frameworks";
				PRODUCT_NAME = "$(TARGET_NAME)";
				TARGETED_DEVICE_FAMILY = 1;
			};
			name = Release;
		};
		BCFB09CD19DC35AB0041B87F /* Debug */ = {
			isa = XCBuildConfiguration;
			buildSettings = {
				BUNDLE_LOADER = "$(TEST_HOST)";
				FRAMEWORK_SEARCH_PATHS = (
					"$(SDKROOT)/Developer/Library/Frameworks",
					"$(inherited)",
				);
				GCC_PREPROCESSOR_DEFINITIONS = (
					"DEBUG=1",
					"$(inherited)",
				);
				INFOPLIST_FILE = "distance-trackerTests/Info.plist";
				LD_RUNPATH_SEARCH_PATHS = "$(inherited) @executable_path/Frameworks @loader_path/Frameworks";
				PRODUCT_NAME = "$(TARGET_NAME)";
				TEST_HOST = "$(BUILT_PRODUCTS_DIR)/distance-tracker.app/distance-tracker";
			};
			name = Debug;
		};
		BCFB09CE19DC35AB0041B87F /* Release */ = {
			isa = XCBuildConfiguration;
			buildSettings = {
				BUNDLE_LOADER = "$(TEST_HOST)";
				FRAMEWORK_SEARCH_PATHS = (
					"$(SDKROOT)/Developer/Library/Frameworks",
					"$(inherited)",
				);
				INFOPLIST_FILE = "distance-trackerTests/Info.plist";
				LD_RUNPATH_SEARCH_PATHS = "$(inherited) @executable_path/Frameworks @loader_path/Frameworks";
				PRODUCT_NAME = "$(TARGET_NAME)";
				TEST_HOST = "$(BUILT_PRODUCTS_DIR)/distance-tracker.app/distance-tracker";
			};
			name = Release;
		};
/* End XCBuildConfiguration section */

/* Begin XCConfigurationList section */
		4D4BE4581A1F2BA90078503A /* Build configuration list for PBXNativeTarget "Distance tracker B" */ = {
			isa = XCConfigurationList;
			buildConfigurations = (
				4D4BE4591A1F2BA90078503A /* Debug */,
				4D4BE45A1A1F2BA90078503A /* Release */,
			);
			defaultConfigurationIsVisible = 0;
			defaultConfigurationName = Release;
		};
		BCFB09A119DC35AB0041B87F /* Build configuration list for PBXProject "distance-tracker" */ = {
			isa = XCConfigurationList;
			buildConfigurations = (
				BCFB09C719DC35AB0041B87F /* Debug */,
				BCFB09C819DC35AB0041B87F /* Release */,
			);
			defaultConfigurationIsVisible = 0;
			defaultConfigurationName = Release;
		};
		BCFB09C919DC35AB0041B87F /* Build configuration list for PBXNativeTarget "Distance tracker A" */ = {
			isa = XCConfigurationList;
			buildConfigurations = (
				BCFB09CA19DC35AB0041B87F /* Debug */,
				BCFB09CB19DC35AB0041B87F /* Release */,
			);
			defaultConfigurationIsVisible = 0;
			defaultConfigurationName = Release;
		};
		BCFB09CC19DC35AB0041B87F /* Build configuration list for PBXNativeTarget "distance-trackerTests" */ = {
			isa = XCConfigurationList;
			buildConfigurations = (
				BCFB09CD19DC35AB0041B87F /* Debug */,
				BCFB09CE19DC35AB0041B87F /* Release */,
			);
			defaultConfigurationIsVisible = 0;
			defaultConfigurationName = Release;
		};
/* End XCConfigurationList section */
	};
	rootObject = BCFB099E19DC35AB0041B87F /* Project object */;
}
